// !$*UTF8*$!
{
	archiveVersion = 1;
	classes = {
	};
	objectVersion = 55;
	objects = {

/* Begin PBXBuildFile section */
		5ADFB6D427DA147E000C441C /* PointerImageView.swift in Sources */ = {isa = PBXBuildFile; fileRef = 5ADFB6D327DA147E000C441C /* PointerImageView.swift */; };
		5ADFB6D627DA1B09000C441C /* RoundedButton.swift in Sources */ = {isa = PBXBuildFile; fileRef = 5ADFB6D527DA1B09000C441C /* RoundedButton.swift */; };
		5ADFB6D827DA2372000C441C /* K.swift in Sources */ = {isa = PBXBuildFile; fileRef = 5ADFB6D727DA2372000C441C /* K.swift */; };
		5AF039F027D803790022514F /* AppDelegate.swift in Sources */ = {isa = PBXBuildFile; fileRef = 5AF039EF27D803790022514F /* AppDelegate.swift */; };
		5AF039F227D803790022514F /* SceneDelegate.swift in Sources */ = {isa = PBXBuildFile; fileRef = 5AF039F127D803790022514F /* SceneDelegate.swift */; };
		5AF039F927D803800022514F /* Assets.xcassets in Resources */ = {isa = PBXBuildFile; fileRef = 5AF039F827D803800022514F /* Assets.xcassets */; };
		5AF039FC27D803800022514F /* LaunchScreen.storyboard in Resources */ = {isa = PBXBuildFile; fileRef = 5AF039FA27D803800022514F /* LaunchScreen.storyboard */; };
		5AF03A0627D80B900022514F /* OptionsVC.swift in Sources */ = {isa = PBXBuildFile; fileRef = 5AF03A0527D80B900022514F /* OptionsVC.swift */; };
		5AF03A0A27D80E2A0022514F /* WheelVC.swift in Sources */ = {isa = PBXBuildFile; fileRef = 5AF03A0927D80E2A0022514F /* WheelVC.swift */; };
		5AF03A1227D818130022514F /* OptionCell.swift in Sources */ = {isa = PBXBuildFile; fileRef = 5AF03A1127D818130022514F /* OptionCell.swift */; };
		5AF03A1427D824D90022514F /* ModalVC.swift in Sources */ = {isa = PBXBuildFile; fileRef = 5AF03A1327D824D90022514F /* ModalVC.swift */; };
		5AF03A1627D8B5DE0022514F /* WheelView.swift in Sources */ = {isa = PBXBuildFile; fileRef = 5AF03A1527D8B5DE0022514F /* WheelView.swift */; };
		5AF03A1827D9F5AF0022514F /* PaddedLabel.swift in Sources */ = {isa = PBXBuildFile; fileRef = 5AF03A1727D9F5AF0022514F /* PaddedLabel.swift */; };
/* End PBXBuildFile section */

/* Begin PBXFileReference section */
		5ADFB6D327DA147E000C441C /* PointerImageView.swift */ = {isa = PBXFileReference; lastKnownFileType = sourcecode.swift; path = PointerImageView.swift; sourceTree = "<group>"; };
		5ADFB6D527DA1B09000C441C /* RoundedButton.swift */ = {isa = PBXFileReference; lastKnownFileType = sourcecode.swift; path = RoundedButton.swift; sourceTree = "<group>"; };
		5ADFB6D727DA2372000C441C /* K.swift */ = {isa = PBXFileReference; lastKnownFileType = sourcecode.swift; path = K.swift; sourceTree = "<group>"; };
		5AF039EC27D803790022514F /* WheelyCool.app */ = {isa = PBXFileReference; explicitFileType = wrapper.application; includeInIndex = 0; path = WheelyCool.app; sourceTree = BUILT_PRODUCTS_DIR; };
		5AF039EF27D803790022514F /* AppDelegate.swift */ = {isa = PBXFileReference; lastKnownFileType = sourcecode.swift; path = AppDelegate.swift; sourceTree = "<group>"; };
		5AF039F127D803790022514F /* SceneDelegate.swift */ = {isa = PBXFileReference; lastKnownFileType = sourcecode.swift; path = SceneDelegate.swift; sourceTree = "<group>"; };
		5AF039F827D803800022514F /* Assets.xcassets */ = {isa = PBXFileReference; lastKnownFileType = folder.assetcatalog; path = Assets.xcassets; sourceTree = "<group>"; };
		5AF039FB27D803800022514F /* Base */ = {isa = PBXFileReference; lastKnownFileType = file.storyboard; name = Base; path = Base.lproj/LaunchScreen.storyboard; sourceTree = "<group>"; };
		5AF039FD27D803800022514F /* Info.plist */ = {isa = PBXFileReference; lastKnownFileType = text.plist.xml; path = Info.plist; sourceTree = "<group>"; };
		5AF03A0527D80B900022514F /* OptionsVC.swift */ = {isa = PBXFileReference; lastKnownFileType = sourcecode.swift; path = OptionsVC.swift; sourceTree = "<group>"; };
		5AF03A0927D80E2A0022514F /* WheelVC.swift */ = {isa = PBXFileReference; lastKnownFileType = sourcecode.swift; path = WheelVC.swift; sourceTree = "<group>"; };
		5AF03A1127D818130022514F /* OptionCell.swift */ = {isa = PBXFileReference; lastKnownFileType = sourcecode.swift; path = OptionCell.swift; sourceTree = "<group>"; };
		5AF03A1327D824D90022514F /* ModalVC.swift */ = {isa = PBXFileReference; lastKnownFileType = sourcecode.swift; path = ModalVC.swift; sourceTree = "<group>"; };
		5AF03A1527D8B5DE0022514F /* WheelView.swift */ = {isa = PBXFileReference; lastKnownFileType = sourcecode.swift; path = WheelView.swift; sourceTree = "<group>"; };
		5AF03A1727D9F5AF0022514F /* PaddedLabel.swift */ = {isa = PBXFileReference; lastKnownFileType = sourcecode.swift; path = PaddedLabel.swift; sourceTree = "<group>"; };
/* End PBXFileReference section */

/* Begin PBXFrameworksBuildPhase section */
		5AF039E927D803790022514F /* Frameworks */ = {
			isa = PBXFrameworksBuildPhase;
			buildActionMask = 2147483647;
			files = (
			);
			runOnlyForDeploymentPostprocessing = 0;
		};
/* End PBXFrameworksBuildPhase section */

/* Begin PBXGroup section */
		5AF039E327D803790022514F = {
			isa = PBXGroup;
			children = (
				5AF039EE27D803790022514F /* WheelyCool */,
				5AF039ED27D803790022514F /* Products */,
			);
			sourceTree = "<group>";
		};
		5AF039ED27D803790022514F /* Products */ = {
			isa = PBXGroup;
			children = (
				5AF039EC27D803790022514F /* WheelyCool.app */,
			);
			name = Products;
			sourceTree = "<group>";
		};
		5AF039EE27D803790022514F /* WheelyCool */ = {
			isa = PBXGroup;
			children = (
				5ADFB6D727DA2372000C441C /* K.swift */,
				5AF03A0D27D812380022514F /* Views */,
				5AF039EF27D803790022514F /* AppDelegate.swift */,
				5AF039F127D803790022514F /* SceneDelegate.swift */,
				5AF039F827D803800022514F /* Assets.xcassets */,
				5AF039FA27D803800022514F /* LaunchScreen.storyboard */,
				5AF039FD27D803800022514F /* Info.plist */,
				5AF03A0B27D8121C0022514F /* Controllers */,
			);
			path = WheelyCool;
			sourceTree = "<group>";
		};
		5AF03A0B27D8121C0022514F /* Controllers */ = {
			isa = PBXGroup;
			children = (
				5AF03A1327D824D90022514F /* ModalVC.swift */,
				5AF03A0527D80B900022514F /* OptionsVC.swift */,
				5AF03A0927D80E2A0022514F /* WheelVC.swift */,
			);
			path = Controllers;
			sourceTree = "<group>";
		};
		5AF03A0D27D812380022514F /* Views */ = {
			isa = PBXGroup;
			children = (
				5AF03A1527D8B5DE0022514F /* WheelView.swift */,
				5AF03A1127D818130022514F /* OptionCell.swift */,
				5AF03A1727D9F5AF0022514F /* PaddedLabel.swift */,
				5ADFB6D327DA147E000C441C /* PointerImageView.swift */,
				5ADFB6D527DA1B09000C441C /* RoundedButton.swift */,
			);
			path = Views;
			sourceTree = "<group>";
		};
/* End PBXGroup section */

/* Begin PBXNativeTarget section */
		5AF039EB27D803790022514F /* WheelyCool */ = {
			isa = PBXNativeTarget;
			buildConfigurationList = 5AF03A0027D803800022514F /* Build configuration list for PBXNativeTarget "WheelyCool" */;
			buildPhases = (
				5AF039E827D803790022514F /* Sources */,
				5AF039E927D803790022514F /* Frameworks */,
				5AF039EA27D803790022514F /* Resources */,
			);
			buildRules = (
			);
			dependencies = (
			);
			name = WheelyCool;
			productName = WheelyCool;
			productReference = 5AF039EC27D803790022514F /* WheelyCool.app */;
			productType = "com.apple.product-type.application";
		};
/* End PBXNativeTarget section */

/* Begin PBXProject section */
		5AF039E427D803790022514F /* Project object */ = {
			isa = PBXProject;
			attributes = {
				BuildIndependentTargetsInParallel = 1;
				LastSwiftUpdateCheck = 1310;
				LastUpgradeCheck = 1310;
				TargetAttributes = {
					5AF039EB27D803790022514F = {
						CreatedOnToolsVersion = 13.1;
					};
				};
			};
			buildConfigurationList = 5AF039E727D803790022514F /* Build configuration list for PBXProject "WheelyCool" */;
			compatibilityVersion = "Xcode 13.0";
			developmentRegion = en;
			hasScannedForEncodings = 0;
			knownRegions = (
				en,
				Base,
			);
			mainGroup = 5AF039E327D803790022514F;
			productRefGroup = 5AF039ED27D803790022514F /* Products */;
			projectDirPath = "";
			projectRoot = "";
			targets = (
				5AF039EB27D803790022514F /* WheelyCool */,
			);
		};
/* End PBXProject section */

/* Begin PBXResourcesBuildPhase section */
		5AF039EA27D803790022514F /* Resources */ = {
			isa = PBXResourcesBuildPhase;
			buildActionMask = 2147483647;
			files = (
				5AF039FC27D803800022514F /* LaunchScreen.storyboard in Resources */,
				5AF039F927D803800022514F /* Assets.xcassets in Resources */,
			);
			runOnlyForDeploymentPostprocessing = 0;
		};
/* End PBXResourcesBuildPhase section */

/* Begin PBXSourcesBuildPhase section */
		5AF039E827D803790022514F /* Sources */ = {
			isa = PBXSourcesBuildPhase;
			buildActionMask = 2147483647;
			files = (
				5AF03A1427D824D90022514F /* ModalVC.swift in Sources */,
				5ADFB6D627DA1B09000C441C /* RoundedButton.swift in Sources */,
				5AF039F027D803790022514F /* AppDelegate.swift in Sources */,
				5AF03A1627D8B5DE0022514F /* WheelView.swift in Sources */,
				5AF03A1227D818130022514F /* OptionCell.swift in Sources */,
				5AF03A0A27D80E2A0022514F /* WheelVC.swift in Sources */,
				5ADFB6D827DA2372000C441C /* K.swift in Sources */,
				5AF039F227D803790022514F /* SceneDelegate.swift in Sources */,
				5AF03A1827D9F5AF0022514F /* PaddedLabel.swift in Sources */,
				5AF03A0627D80B900022514F /* OptionsVC.swift in Sources */,
				5ADFB6D427DA147E000C441C /* PointerImageView.swift in Sources */,
			);
			runOnlyForDeploymentPostprocessing = 0;
		};
/* End PBXSourcesBuildPhase section */

/* Begin PBXVariantGroup section */
		5AF039FA27D803800022514F /* LaunchScreen.storyboard */ = {
			isa = PBXVariantGroup;
			children = (
				5AF039FB27D803800022514F /* Base */,
			);
			name = LaunchScreen.storyboard;
			sourceTree = "<group>";
		};
/* End PBXVariantGroup section */

/* Begin XCBuildConfiguration section */
		5AF039FE27D803800022514F /* Debug */ = {
			isa = XCBuildConfiguration;
			buildSettings = {
				ALWAYS_SEARCH_USER_PATHS = NO;
				CLANG_ANALYZER_NONNULL = YES;
				CLANG_ANALYZER_NUMBER_OBJECT_CONVERSION = YES_AGGRESSIVE;
				CLANG_CXX_LANGUAGE_STANDARD = "gnu++17";
				CLANG_CXX_LIBRARY = "libc++";
				CLANG_ENABLE_MODULES = YES;
				CLANG_ENABLE_OBJC_ARC = YES;
				CLANG_ENABLE_OBJC_WEAK = YES;
				CLANG_WARN_BLOCK_CAPTURE_AUTORELEASING = YES;
				CLANG_WARN_BOOL_CONVERSION = YES;
				CLANG_WARN_COMMA = YES;
				CLANG_WARN_CONSTANT_CONVERSION = YES;
				CLANG_WARN_DEPRECATED_OBJC_IMPLEMENTATIONS = YES;
				CLANG_WARN_DIRECT_OBJC_ISA_USAGE = YES_ERROR;
				CLANG_WARN_DOCUMENTATION_COMMENTS = YES;
				CLANG_WARN_EMPTY_BODY = YES;
				CLANG_WARN_ENUM_CONVERSION = YES;
				CLANG_WARN_INFINITE_RECURSION = YES;
				CLANG_WARN_INT_CONVERSION = YES;
				CLANG_WARN_NON_LITERAL_NULL_CONVERSION = YES;
				CLANG_WARN_OBJC_IMPLICIT_RETAIN_SELF = YES;
				CLANG_WARN_OBJC_LITERAL_CONVERSION = YES;
				CLANG_WARN_OBJC_ROOT_CLASS = YES_ERROR;
				CLANG_WARN_QUOTED_INCLUDE_IN_FRAMEWORK_HEADER = YES;
				CLANG_WARN_RANGE_LOOP_ANALYSIS = YES;
				CLANG_WARN_STRICT_PROTOTYPES = YES;
				CLANG_WARN_SUSPICIOUS_MOVE = YES;
				CLANG_WARN_UNGUARDED_AVAILABILITY = YES_AGGRESSIVE;
				CLANG_WARN_UNREACHABLE_CODE = YES;
				CLANG_WARN__DUPLICATE_METHOD_MATCH = YES;
				COPY_PHASE_STRIP = NO;
				DEBUG_INFORMATION_FORMAT = dwarf;
				ENABLE_STRICT_OBJC_MSGSEND = YES;
				ENABLE_TESTABILITY = YES;
				GCC_C_LANGUAGE_STANDARD = gnu11;
				GCC_DYNAMIC_NO_PIC = NO;
				GCC_NO_COMMON_BLOCKS = YES;
				GCC_OPTIMIZATION_LEVEL = 0;
				GCC_PREPROCESSOR_DEFINITIONS = (
					"DEBUG=1",
					"$(inherited)",
				);
				GCC_WARN_64_TO_32_BIT_CONVERSION = YES;
				GCC_WARN_ABOUT_RETURN_TYPE = YES_ERROR;
				GCC_WARN_UNDECLARED_SELECTOR = YES;
				GCC_WARN_UNINITIALIZED_AUTOS = YES_AGGRESSIVE;
				GCC_WARN_UNUSED_FUNCTION = YES;
				GCC_WARN_UNUSED_VARIABLE = YES;
				IPHONEOS_DEPLOYMENT_TARGET = 15.0;
				MTL_ENABLE_DEBUG_INFO = INCLUDE_SOURCE;
				MTL_FAST_MATH = YES;
				ONLY_ACTIVE_ARCH = YES;
				SDKROOT = iphoneos;
				SWIFT_ACTIVE_COMPILATION_CONDITIONS = DEBUG;
				SWIFT_OPTIMIZATION_LEVEL = "-Onone";
			};
			name = Debug;
		};
		5AF039FF27D803800022514F /* Release */ = {
			isa = XCBuildConfiguration;
			buildSettings = {
				ALWAYS_SEARCH_USER_PATHS = NO;
				CLANG_ANALYZER_NONNULL = YES;
				CLANG_ANALYZER_NUMBER_OBJECT_CONVERSION = YES_AGGRESSIVE;
				CLANG_CXX_LANGUAGE_STANDARD = "gnu++17";
				CLANG_CXX_LIBRARY = "libc++";
				CLANG_ENABLE_MODULES = YES;
				CLANG_ENABLE_OBJC_ARC = YES;
				CLANG_ENABLE_OBJC_WEAK = YES;
				CLANG_WARN_BLOCK_CAPTURE_AUTORELEASING = YES;
				CLANG_WARN_BOOL_CONVERSION = YES;
				CLANG_WARN_COMMA = YES;
				CLANG_WARN_CONSTANT_CONVERSION = YES;
				CLANG_WARN_DEPRECATED_OBJC_IMPLEMENTATIONS = YES;
				CLANG_WARN_DIRECT_OBJC_ISA_USAGE = YES_ERROR;
				CLANG_WARN_DOCUMENTATION_COMMENTS = YES;
				CLANG_WARN_EMPTY_BODY = YES;
				CLANG_WARN_ENUM_CONVERSION = YES;
				CLANG_WARN_INFINITE_RECURSION = YES;
				CLANG_WARN_INT_CONVERSION = YES;
				CLANG_WARN_NON_LITERAL_NULL_CONVERSION = YES;
				CLANG_WARN_OBJC_IMPLICIT_RETAIN_SELF = YES;
				CLANG_WARN_OBJC_LITERAL_CONVERSION = YES;
				CLANG_WARN_OBJC_ROOT_CLASS = YES_ERROR;
				CLANG_WARN_QUOTED_INCLUDE_IN_FRAMEWORK_HEADER = YES;
				CLANG_WARN_RANGE_LOOP_ANALYSIS = YES;
				CLANG_WARN_STRICT_PROTOTYPES = YES;
				CLANG_WARN_SUSPICIOUS_MOVE = YES;
				CLANG_WARN_UNGUARDED_AVAILABILITY = YES_AGGRESSIVE;
				CLANG_WARN_UNREACHABLE_CODE = YES;
				CLANG_WARN__DUPLICATE_METHOD_MATCH = YES;
				COPY_PHASE_STRIP = NO;
				DEBUG_INFORMATION_FORMAT = "dwarf-with-dsym";
				ENABLE_NS_ASSERTIONS = NO;
				ENABLE_STRICT_OBJC_MSGSEND = YES;
				GCC_C_LANGUAGE_STANDARD = gnu11;
				GCC_NO_COMMON_BLOCKS = YES;
				GCC_WARN_64_TO_32_BIT_CONVERSION = YES;
				GCC_WARN_ABOUT_RETURN_TYPE = YES_ERROR;
				GCC_WARN_UNDECLARED_SELECTOR = YES;
				GCC_WARN_UNINITIALIZED_AUTOS = YES_AGGRESSIVE;
				GCC_WARN_UNUSED_FUNCTION = YES;
				GCC_WARN_UNUSED_VARIABLE = YES;
				IPHONEOS_DEPLOYMENT_TARGET = 15.0;
				MTL_ENABLE_DEBUG_INFO = NO;
				MTL_FAST_MATH = YES;
				SDKROOT = iphoneos;
				SWIFT_COMPILATION_MODE = wholemodule;
				SWIFT_OPTIMIZATION_LEVEL = "-O";
				VALIDATE_PRODUCT = YES;
			};
			name = Release;
		};
		5AF03A0127D803800022514F /* Debug */ = {
			isa = XCBuildConfiguration;
			buildSettings = {
				ASSETCATALOG_COMPILER_APPICON_NAME = AppIcon;
				ASSETCATALOG_COMPILER_GLOBAL_ACCENT_COLOR_NAME = AccentColor;
				CODE_SIGN_STYLE = Automatic;
				CURRENT_PROJECT_VERSION = 1;
				DEVELOPMENT_TEAM = 7FPGWD586P;
				GENERATE_INFOPLIST_FILE = YES;
				INFOPLIST_FILE = WheelyCool/Info.plist;
				INFOPLIST_KEY_UIApplicationSupportsIndirectInputEvents = YES;
				INFOPLIST_KEY_UILaunchStoryboardName = LaunchScreen;
				INFOPLIST_KEY_UISupportedInterfaceOrientations = UIInterfaceOrientationPortrait;
				INFOPLIST_KEY_UISupportedInterfaceOrientations_iPad = "UIInterfaceOrientationPortrait UIInterfaceOrientationPortraitUpsideDown UIInterfaceOrientationLandscapeLeft UIInterfaceOrientationLandscapeRight";
				INFOPLIST_KEY_UISupportedInterfaceOrientations_iPhone = "UIInterfaceOrientationPortrait UIInterfaceOrientationLandscapeLeft UIInterfaceOrientationLandscapeRight";
				LD_RUNPATH_SEARCH_PATHS = (
					"$(inherited)",
					"@executable_path/Frameworks",
				);
				MARKETING_VERSION = 1.0;
				PRODUCT_BUNDLE_IDENTIFIER = edu.CarlyMapleson.WheelyCool;
				PRODUCT_NAME = "$(TARGET_NAME)";
				SWIFT_EMIT_LOC_STRINGS = YES;
				SWIFT_VERSION = 5.0;
				TARGETED_DEVICE_FAMILY = "1,2";
			};
			name = Debug;
		};
		5AF03A0227D803800022514F /* Release */ = {
			isa = XCBuildConfiguration;
			buildSettings = {
				ASSETCATALOG_COMPILER_APPICON_NAME = AppIcon;
				ASSETCATALOG_COMPILER_GLOBAL_ACCENT_COLOR_NAME = AccentColor;
				CODE_SIGN_STYLE = Automatic;
				CURRENT_PROJECT_VERSION = 1;
				DEVELOPMENT_TEAM = 7FPGWD586P;
				GENERATE_INFOPLIST_FILE = YES;
				INFOPLIST_FILE = WheelyCool/Info.plist;
				INFOPLIST_KEY_UIApplicationSupportsIndirectInputEvents = YES;
				INFOPLIST_KEY_UILaunchStoryboardName = LaunchScreen;
				INFOPLIST_KEY_UISupportedInterfaceOrientations = UIInterfaceOrientationPortrait;
				INFOPLIST_KEY_UISupportedInterfaceOrientations_iPad = "UIInterfaceOrientationPortrait UIInterfaceOrientationPortraitUpsideDown UIInterfaceOrientationLandscapeLeft UIInterfaceOrientationLandscapeRight";
				INFOPLIST_KEY_UISupportedInterfaceOrientations_iPhone = "UIInterfaceOrientationPortrait UIInterfaceOrientationLandscapeLeft UIInterfaceOrientationLandscapeRight";
				LD_RUNPATH_SEARCH_PATHS = (
					"$(inherited)",
					"@executable_path/Frameworks",
				);
				MARKETING_VERSION = 1.0;
				PRODUCT_BUNDLE_IDENTIFIER = edu.CarlyMapleson.WheelyCool;
				PRODUCT_NAME = "$(TARGET_NAME)";
				SWIFT_EMIT_LOC_STRINGS = YES;
				SWIFT_VERSION = 5.0;
				TARGETED_DEVICE_FAMILY = "1,2";
			};
			name = Release;
		};
/* End XCBuildConfiguration section */

/* Begin XCConfigurationList section */
		5AF039E727D803790022514F /* Build configuration list for PBXProject "WheelyCool" */ = {
			isa = XCConfigurationList;
			buildConfigurations = (
				5AF039FE27D803800022514F /* Debug */,
				5AF039FF27D803800022514F /* Release */,
			);
			defaultConfigurationIsVisible = 0;
			defaultConfigurationName = Release;
		};
		5AF03A0027D803800022514F /* Build configuration list for PBXNativeTarget "WheelyCool" */ = {
			isa = XCConfigurationList;
			buildConfigurations = (
				5AF03A0127D803800022514F /* Debug */,
				5AF03A0227D803800022514F /* Release */,
			);
			defaultConfigurationIsVisible = 0;
			defaultConfigurationName = Release;
		};
/* End XCConfigurationList section */
	};
	rootObject = 5AF039E427D803790022514F /* Project object */;
}
